PODS:
  - SQLCipher (3.4.2):
    - SQLCipher/standard (= 3.4.2)
  - SQLCipher/common (3.4.2)
  - SQLCipher/standard (3.4.2):
    - SQLCipher/common

DEPENDENCIES:
  - SQLCipher (< 4.0)

SPEC REPOS:
  trunk:
    - SQLCipher

SPEC CHECKSUMS:
  SQLCipher: f9fcf29b2e59ced7defc2a2bdd0ebe79b40d4990

PODFILE CHECKSUM: 277bdcd09638a084b8842b7130731de56a896647

COCOAPODS: 1.15.2
