PODS:
  - SQLCipher (3.4.2):
    - SQLCipher/standard (= 3.4.2)
  - SQLCipher/common (3.4.2)
  - SQLCipher/standard (3.4.2):
    - SQLCipher/common

DEPENDENCIES:
  - SQLCipher (< 4.0)

SPEC REPOS:
  trunk:
    - SQLCipher

SPEC CHECKSUMS:
  SQLCipher: f9fcf29b2e59ced7defc2a2bdd0ebe79b40d4990

PODFILE CHECKSUM: b3aaf10c7d6032b977c26d5d174a9d4411abce9d

COCOAPODS: 1.10.1
