PODS:
  - shared (1.0.0)
  - SQLCipher (3.4.2):
    - SQLCipher/standard (= 3.4.2)
  - SQLCipher/common (3.4.2)
  - SQLCipher/standard (3.4.2):
    - SQLCipher/common

DEPENDENCIES:
  - shared (from `../shared`)
  - SQLCipher (< 4.0)

SPEC REPOS:
  trunk:
    - SQLCipher

EXTERNAL SOURCES:
  shared:
    :path: "../shared"

SPEC CHECKSUMS:
  shared: ad9cd7ac3c5beb7a0f6976b3eaef4dfa1281a825
  SQLCipher: f9fcf29b2e59ced7defc2a2bdd0ebe79b40d4990

PODFILE CHECKSUM: c8c1ae560639fd1dc4c82965e9b759cddfba32b1

COCOAPODS: 1.15.2
